// !$*UTF8*$!
{
	archiveVersion = 1;
	classes = {
	};
	objectVersion = 56;
	objects = {

/* Begin PBXBuildFile section */
		8214B3FB2ACB331500349BD8 /* TheChatView.swift in Sources */ = {isa = PBXBuildFile; fileRef = 8214B3FA2ACB331500349BD8 /* TheChatView.swift */; };
		8214B3FE2ACB335A00349BD8 /* User.swift in Sources */ = {isa = PBXBuildFile; fileRef = 8214B3FD2ACB335A00349BD8 /* User.swift */; };
		8214B4002ACB336200349BD8 /* Message.swift in Sources */ = {isa = PBXBuildFile; fileRef = 8214B3FF2ACB336200349BD8 /* Message.swift */; };
		8214B4022ACB33A100349BD8 /* MessageView.swift in Sources */ = {isa = PBXBuildFile; fileRef = 8214B4012ACB33A100349BD8 /* MessageView.swift */; };
		8214B4042ACB33BB00349BD8 /* ContentMessageView.swift in Sources */ = {isa = PBXBuildFile; fileRef = 8214B4032ACB33BB00349BD8 /* ContentMessageView.swift */; };
		8251A3A02ACDAC66003DEAEA /* SignupViewModel.swift in Sources */ = {isa = PBXBuildFile; fileRef = 8251A39F2ACDAC66003DEAEA /* SignupViewModel.swift */; };
		8251A3A42ACDAEA8003DEAEA /* LoginPayload.swift in Sources */ = {isa = PBXBuildFile; fileRef = 8251A3A32ACDAEA8003DEAEA /* LoginPayload.swift */; };
		8251A3A62ACDAED5003DEAEA /* LoginResponse.swift in Sources */ = {isa = PBXBuildFile; fileRef = 8251A3A52ACDAED5003DEAEA /* LoginResponse.swift */; };
		8251A3A82ACDAF2C003DEAEA /* ResponsePayload.swift in Sources */ = {isa = PBXBuildFile; fileRef = 8251A3A72ACDAF2C003DEAEA /* ResponsePayload.swift */; };
		8251A3AA2ACDAF54003DEAEA /* MessageResponse.swift in Sources */ = {isa = PBXBuildFile; fileRef = 8251A3A92ACDAF54003DEAEA /* MessageResponse.swift */; };
		8251A3AC2ACDB025003DEAEA /* SignupPayload.swift in Sources */ = {isa = PBXBuildFile; fileRef = 8251A3AB2ACDB025003DEAEA /* SignupPayload.swift */; };
		8251A3AE2ACDB0EF003DEAEA /* SignupResponseModel.swift in Sources */ = {isa = PBXBuildFile; fileRef = 8251A3AD2ACDB0EF003DEAEA /* SignupResponseModel.swift */; };
		82ED8FE12ACB34AF00701231 /* ChatHelper.swift in Sources */ = {isa = PBXBuildFile; fileRef = 82ED8FE02ACB34AF00701231 /* ChatHelper.swift */; };
		82ED8FE32ACB34CA00701231 /* KeyboardResponder.swift in Sources */ = {isa = PBXBuildFile; fileRef = 82ED8FE22ACB34CA00701231 /* KeyboardResponder.swift */; };
		82ED8FE52ACB34DF00701231 /* View + Extension.swift in Sources */ = {isa = PBXBuildFile; fileRef = 82ED8FE42ACB34DF00701231 /* View + Extension.swift */; };
		82ED8FE82ACB438900701231 /* ChatViewModel.swift in Sources */ = {isa = PBXBuildFile; fileRef = 82ED8FE72ACB438900701231 /* ChatViewModel.swift */; };
		82ED8FEA2ACB43D300701231 /* ViewModel + Extension.swift in Sources */ = {isa = PBXBuildFile; fileRef = 82ED8FE92ACB43D300701231 /* ViewModel + Extension.swift */; };
		BEFF77382AC98826003C3659 /* WellnessAIApp.swift in Sources */ = {isa = PBXBuildFile; fileRef = BEFF77372AC98826003C3659 /* WellnessAIApp.swift */; };
		BEFF773A2AC98826003C3659 /* ContentView.swift in Sources */ = {isa = PBXBuildFile; fileRef = BEFF77392AC98826003C3659 /* ContentView.swift */; };
		BEFF773C2AC9882A003C3659 /* Assets.xcassets in Resources */ = {isa = PBXBuildFile; fileRef = BEFF773B2AC9882A003C3659 /* Assets.xcassets */; };
		BEFF773F2AC9882A003C3659 /* Preview Assets.xcassets in Resources */ = {isa = PBXBuildFile; fileRef = BEFF773E2AC9882A003C3659 /* Preview Assets.xcassets */; };
		BEFF774C2AC98ADC003C3659 /* OverLay.swift in Sources */ = {isa = PBXBuildFile; fileRef = BEFF774B2AC98ADC003C3659 /* OverLay.swift */; };
		BEFF774E2AC98C5A003C3659 /* AppState.swift in Sources */ = {isa = PBXBuildFile; fileRef = BEFF774D2AC98C59003C3659 /* AppState.swift */; };
		BEFF77502AC98CF6003C3659 /* NetworkingManager.swift in Sources */ = {isa = PBXBuildFile; fileRef = BEFF774F2AC98CF6003C3659 /* NetworkingManager.swift */; };
		BEFF77522AC98D1F003C3659 /* EndPoints.swift in Sources */ = {isa = PBXBuildFile; fileRef = BEFF77512AC98D1F003C3659 /* EndPoints.swift */; };
		BEFF77542AC9920F003C3659 /* SignInUpPage.swift in Sources */ = {isa = PBXBuildFile; fileRef = BEFF77532AC9920F003C3659 /* SignInUpPage.swift */; };
		BEFF77562AC9926D003C3659 /* CustomTextField.swift in Sources */ = {isa = PBXBuildFile; fileRef = BEFF77552AC9926C003C3659 /* CustomTextField.swift */; };
		BEFF77582AC9931C003C3659 /* PrimaryButton.swift in Sources */ = {isa = PBXBuildFile; fileRef = BEFF77572AC9931C003C3659 /* PrimaryButton.swift */; };
		BEFF775A2AC9937D003C3659 /* LoginViewModel.swift in Sources */ = {isa = PBXBuildFile; fileRef = BEFF77592AC9937D003C3659 /* LoginViewModel.swift */; };
		BEFF775E2AC9A485003C3659 /* PaymentView.swift in Sources */ = {isa = PBXBuildFile; fileRef = BEFF775D2AC9A484003C3659 /* PaymentView.swift */; };
		BEFF77622ACA9B2D003C3659 /* ProfileView.swift in Sources */ = {isa = PBXBuildFile; fileRef = BEFF77612ACA9B2D003C3659 /* ProfileView.swift */; };
		BEFF77642ACA9FA0003C3659 /* ProfileList.swift in Sources */ = {isa = PBXBuildFile; fileRef = BEFF77632ACA9FA0003C3659 /* ProfileList.swift */; };
/* End PBXBuildFile section */

/* Begin PBXFileReference section */
		8214B3FA2ACB331500349BD8 /* TheChatView.swift */ = {isa = PBXFileReference; lastKnownFileType = sourcecode.swift; path = TheChatView.swift; sourceTree = "<group>"; };
		8214B3FD2ACB335A00349BD8 /* User.swift */ = {isa = PBXFileReference; lastKnownFileType = sourcecode.swift; path = User.swift; sourceTree = "<group>"; };
		8214B3FF2ACB336200349BD8 /* Message.swift */ = {isa = PBXFileReference; lastKnownFileType = sourcecode.swift; path = Message.swift; sourceTree = "<group>"; };
		8214B4012ACB33A100349BD8 /* MessageView.swift */ = {isa = PBXFileReference; lastKnownFileType = sourcecode.swift; path = MessageView.swift; sourceTree = "<group>"; };
		8214B4032ACB33BB00349BD8 /* ContentMessageView.swift */ = {isa = PBXFileReference; lastKnownFileType = sourcecode.swift; path = ContentMessageView.swift; sourceTree = "<group>"; };
		8251A39F2ACDAC66003DEAEA /* SignupViewModel.swift */ = {isa = PBXFileReference; lastKnownFileType = sourcecode.swift; path = SignupViewModel.swift; sourceTree = "<group>"; };
		8251A3A32ACDAEA8003DEAEA /* LoginPayload.swift */ = {isa = PBXFileReference; lastKnownFileType = sourcecode.swift; path = LoginPayload.swift; sourceTree = "<group>"; };
		8251A3A52ACDAED5003DEAEA /* LoginResponse.swift */ = {isa = PBXFileReference; lastKnownFileType = sourcecode.swift; path = LoginResponse.swift; sourceTree = "<group>"; };
		8251A3A72ACDAF2C003DEAEA /* ResponsePayload.swift */ = {isa = PBXFileReference; lastKnownFileType = sourcecode.swift; path = ResponsePayload.swift; sourceTree = "<group>"; };
		8251A3A92ACDAF54003DEAEA /* MessageResponse.swift */ = {isa = PBXFileReference; lastKnownFileType = sourcecode.swift; path = MessageResponse.swift; sourceTree = "<group>"; };
		8251A3AB2ACDB025003DEAEA /* SignupPayload.swift */ = {isa = PBXFileReference; lastKnownFileType = sourcecode.swift; path = SignupPayload.swift; sourceTree = "<group>"; };
		8251A3AD2ACDB0EF003DEAEA /* SignupResponseModel.swift */ = {isa = PBXFileReference; lastKnownFileType = sourcecode.swift; path = SignupResponseModel.swift; sourceTree = "<group>"; };
		82ED8FE02ACB34AF00701231 /* ChatHelper.swift */ = {isa = PBXFileReference; lastKnownFileType = sourcecode.swift; path = ChatHelper.swift; sourceTree = "<group>"; };
		82ED8FE22ACB34CA00701231 /* KeyboardResponder.swift */ = {isa = PBXFileReference; lastKnownFileType = sourcecode.swift; path = KeyboardResponder.swift; sourceTree = "<group>"; };
		82ED8FE42ACB34DF00701231 /* View + Extension.swift */ = {isa = PBXFileReference; lastKnownFileType = sourcecode.swift; path = "View + Extension.swift"; sourceTree = "<group>"; };
		82ED8FE72ACB438900701231 /* ChatViewModel.swift */ = {isa = PBXFileReference; lastKnownFileType = sourcecode.swift; path = ChatViewModel.swift; sourceTree = "<group>"; };
		82ED8FE92ACB43D300701231 /* ViewModel + Extension.swift */ = {isa = PBXFileReference; lastKnownFileType = sourcecode.swift; path = "ViewModel + Extension.swift"; sourceTree = "<group>"; };
		BEFF77342AC98826003C3659 /* WellnessAI.app */ = {isa = PBXFileReference; explicitFileType = wrapper.application; includeInIndex = 0; path = WellnessAI.app; sourceTree = BUILT_PRODUCTS_DIR; };
		BEFF77372AC98826003C3659 /* WellnessAIApp.swift */ = {isa = PBXFileReference; lastKnownFileType = sourcecode.swift; path = WellnessAIApp.swift; sourceTree = "<group>"; };
		BEFF77392AC98826003C3659 /* ContentView.swift */ = {isa = PBXFileReference; lastKnownFileType = sourcecode.swift; path = ContentView.swift; sourceTree = "<group>"; };
		BEFF773B2AC9882A003C3659 /* Assets.xcassets */ = {isa = PBXFileReference; lastKnownFileType = folder.assetcatalog; path = Assets.xcassets; sourceTree = "<group>"; };
		BEFF773E2AC9882A003C3659 /* Preview Assets.xcassets */ = {isa = PBXFileReference; lastKnownFileType = folder.assetcatalog; path = "Preview Assets.xcassets"; sourceTree = "<group>"; };
		BEFF774B2AC98ADC003C3659 /* OverLay.swift */ = {isa = PBXFileReference; lastKnownFileType = sourcecode.swift; name = OverLay.swift; path = Views/OverLay.swift; sourceTree = "<group>"; };
		BEFF774D2AC98C59003C3659 /* AppState.swift */ = {isa = PBXFileReference; lastKnownFileType = sourcecode.swift; name = AppState.swift; path = AppState/AppState.swift; sourceTree = "<group>"; };
		BEFF774F2AC98CF6003C3659 /* NetworkingManager.swift */ = {isa = PBXFileReference; lastKnownFileType = sourcecode.swift; path = NetworkingManager.swift; sourceTree = "<group>"; };
		BEFF77512AC98D1F003C3659 /* EndPoints.swift */ = {isa = PBXFileReference; lastKnownFileType = sourcecode.swift; path = EndPoints.swift; sourceTree = "<group>"; };
		BEFF77532AC9920F003C3659 /* SignInUpPage.swift */ = {isa = PBXFileReference; lastKnownFileType = sourcecode.swift; path = SignInUpPage.swift; sourceTree = "<group>"; };
		BEFF77552AC9926C003C3659 /* CustomTextField.swift */ = {isa = PBXFileReference; lastKnownFileType = sourcecode.swift; path = CustomTextField.swift; sourceTree = "<group>"; };
		BEFF77572AC9931C003C3659 /* PrimaryButton.swift */ = {isa = PBXFileReference; lastKnownFileType = sourcecode.swift; path = PrimaryButton.swift; sourceTree = "<group>"; };
		BEFF77592AC9937D003C3659 /* LoginViewModel.swift */ = {isa = PBXFileReference; lastKnownFileType = sourcecode.swift; path = LoginViewModel.swift; sourceTree = "<group>"; };
		BEFF775D2AC9A484003C3659 /* PaymentView.swift */ = {isa = PBXFileReference; lastKnownFileType = sourcecode.swift; path = PaymentView.swift; sourceTree = "<group>"; };
		BEFF77612ACA9B2D003C3659 /* ProfileView.swift */ = {isa = PBXFileReference; lastKnownFileType = sourcecode.swift; path = ProfileView.swift; sourceTree = "<group>"; };
		BEFF77632ACA9FA0003C3659 /* ProfileList.swift */ = {isa = PBXFileReference; lastKnownFileType = sourcecode.swift; path = ProfileList.swift; sourceTree = "<group>"; };
/* End PBXFileReference section */

/* Begin PBXFrameworksBuildPhase section */
		BEFF77312AC98826003C3659 /* Frameworks */ = {
			isa = PBXFrameworksBuildPhase;
			buildActionMask = 2147483647;
			files = (
			);
			runOnlyForDeploymentPostprocessing = 0;
		};
/* End PBXFrameworksBuildPhase section */

/* Begin PBXGroup section */
		8214B3FC2ACB334E00349BD8 /* Models */ = {
			isa = PBXGroup;
			children = (
				8214B3FD2ACB335A00349BD8 /* User.swift */,
				8214B3FF2ACB336200349BD8 /* Message.swift */,
			);
			path = Models;
			sourceTree = "<group>";
		};
		8251A3A12ACDACB5003DEAEA /* Payload */ = {
			isa = PBXGroup;
			children = (
				8251A3A32ACDAEA8003DEAEA /* LoginPayload.swift */,
				8251A3A72ACDAF2C003DEAEA /* ResponsePayload.swift */,
				8251A3AB2ACDB025003DEAEA /* SignupPayload.swift */,
			);
			path = Payload;
			sourceTree = "<group>";
		};
		8251A3A22ACDAE8F003DEAEA /* ResponseModels */ = {
			isa = PBXGroup;
			children = (
				8251A3A52ACDAED5003DEAEA /* LoginResponse.swift */,
				8251A3A92ACDAF54003DEAEA /* MessageResponse.swift */,
				8251A3AD2ACDB0EF003DEAEA /* SignupResponseModel.swift */,
			);
			path = ResponseModels;
			sourceTree = "<group>";
		};
		82ED8FDF2ACB349800701231 /* Helper */ = {
			isa = PBXGroup;
			children = (
				82ED8FE02ACB34AF00701231 /* ChatHelper.swift */,
				82ED8FE22ACB34CA00701231 /* KeyboardResponder.swift */,
				82ED8FE42ACB34DF00701231 /* View + Extension.swift */,
				82ED8FE92ACB43D300701231 /* ViewModel + Extension.swift */,
			);
			path = Helper;
			sourceTree = "<group>";
		};
		82ED8FE62ACB437900701231 /* ViewModel */ = {
			isa = PBXGroup;
			children = (
				82ED8FE72ACB438900701231 /* ChatViewModel.swift */,
				BEFF77592AC9937D003C3659 /* LoginViewModel.swift */,
				8251A39F2ACDAC66003DEAEA /* SignupViewModel.swift */,
			);
			path = ViewModel;
			sourceTree = "<group>";
		};
		BEFF772B2AC98826003C3659 = {
			isa = PBXGroup;
			children = (
				BEFF77362AC98826003C3659 /* WellnessAI */,
				BEFF77352AC98826003C3659 /* Products */,
			);
			sourceTree = "<group>";
		};
		BEFF77352AC98826003C3659 /* Products */ = {
			isa = PBXGroup;
			children = (
				BEFF77342AC98826003C3659 /* WellnessAI.app */,
			);
			name = Products;
			sourceTree = "<group>";
		};
		BEFF77362AC98826003C3659 /* WellnessAI */ = {
			isa = PBXGroup;
			children = (
				82ED8FE62ACB437900701231 /* ViewModel */,
				82ED8FDF2ACB349800701231 /* Helper */,
				8214B3FC2ACB334E00349BD8 /* Models */,
				BEFF77472AC98921003C3659 /* Network */,
				BEFF77462AC98915003C3659 /* Components */,
				BEFF77452AC9890A003C3659 /* Views */,
				BEFF77372AC98826003C3659 /* WellnessAIApp.swift */,
				BEFF77392AC98826003C3659 /* ContentView.swift */,
				BEFF773B2AC9882A003C3659 /* Assets.xcassets */,
				BEFF773D2AC9882A003C3659 /* Preview Content */,
			);
			path = WellnessAI;
			sourceTree = "<group>";
		};
		BEFF773D2AC9882A003C3659 /* Preview Content */ = {
			isa = PBXGroup;
			children = (
				BEFF773E2AC9882A003C3659 /* Preview Assets.xcassets */,
			);
			path = "Preview Content";
			sourceTree = "<group>";
		};
		BEFF77452AC9890A003C3659 /* Views */ = {
			isa = PBXGroup;
			children = (
				BEFF774A2AC9896C003C3659 /* Base */,
				BEFF775D2AC9A484003C3659 /* PaymentView.swift */,
				BEFF77612ACA9B2D003C3659 /* ProfileView.swift */,
				8214B3FA2ACB331500349BD8 /* TheChatView.swift */,
				8214B4012ACB33A100349BD8 /* MessageView.swift */,
				8214B4032ACB33BB00349BD8 /* ContentMessageView.swift */,
				BEFF77532AC9920F003C3659 /* SignInUpPage.swift */,
			);
			path = Views;
			sourceTree = "<group>";
		};
		BEFF77462AC98915003C3659 /* Components */ = {
			isa = PBXGroup;
			children = (
				BEFF77552AC9926C003C3659 /* CustomTextField.swift */,
				BEFF77572AC9931C003C3659 /* PrimaryButton.swift */,
				BEFF77632ACA9FA0003C3659 /* ProfileList.swift */,
			);
			path = Components;
			sourceTree = "<group>";
		};
		BEFF77472AC98921003C3659 /* Network */ = {
			isa = PBXGroup;
			children = (
				8251A3A22ACDAE8F003DEAEA /* ResponseModels */,
				8251A3A12ACDACB5003DEAEA /* Payload */,
				BEFF77492AC98934003C3659 /* Base */,
			);
			path = Network;
			sourceTree = "<group>";
		};
		BEFF77492AC98934003C3659 /* Base */ = {
			isa = PBXGroup;
			children = (
				BEFF774F2AC98CF6003C3659 /* NetworkingManager.swift */,
				BEFF77512AC98D1F003C3659 /* EndPoints.swift */,
			);
			path = Base;
			sourceTree = "<group>";
		};
		BEFF774A2AC9896C003C3659 /* Base */ = {
			isa = PBXGroup;
			children = (
				BEFF774B2AC98ADC003C3659 /* OverLay.swift */,
				BEFF774D2AC98C59003C3659 /* AppState.swift */,
			);
			path = Base;
			sourceTree = "<group>";
		};
/* End PBXGroup section */

/* Begin PBXNativeTarget section */
		BEFF77332AC98826003C3659 /* WellnessAI */ = {
			isa = PBXNativeTarget;
			buildConfigurationList = BEFF77422AC9882A003C3659 /* Build configuration list for PBXNativeTarget "WellnessAI" */;
			buildPhases = (
				BEFF77302AC98826003C3659 /* Sources */,
				BEFF77312AC98826003C3659 /* Frameworks */,
				BEFF77322AC98826003C3659 /* Resources */,
			);
			buildRules = (
			);
			dependencies = (
			);
			name = WellnessAI;
			productName = WellnessAI;
			productReference = BEFF77342AC98826003C3659 /* WellnessAI.app */;
			productType = "com.apple.product-type.application";
		};
/* End PBXNativeTarget section */

/* Begin PBXProject section */
		BEFF772C2AC98826003C3659 /* Project object */ = {
			isa = PBXProject;
			attributes = {
				BuildIndependentTargetsInParallel = 1;
				LastSwiftUpdateCheck = 1500;
				LastUpgradeCheck = 1500;
				TargetAttributes = {
					BEFF77332AC98826003C3659 = {
						CreatedOnToolsVersion = 15.0;
					};
				};
			};
			buildConfigurationList = BEFF772F2AC98826003C3659 /* Build configuration list for PBXProject "WellnessAI" */;
			compatibilityVersion = "Xcode 14.0";
			developmentRegion = en;
			hasScannedForEncodings = 0;
			knownRegions = (
				en,
				Base,
			);
			mainGroup = BEFF772B2AC98826003C3659;
			productRefGroup = BEFF77352AC98826003C3659 /* Products */;
			projectDirPath = "";
			projectRoot = "";
			targets = (
				BEFF77332AC98826003C3659 /* WellnessAI */,
			);
		};
/* End PBXProject section */

/* Begin PBXResourcesBuildPhase section */
		BEFF77322AC98826003C3659 /* Resources */ = {
			isa = PBXResourcesBuildPhase;
			buildActionMask = 2147483647;
			files = (
				BEFF773F2AC9882A003C3659 /* Preview Assets.xcassets in Resources */,
				BEFF773C2AC9882A003C3659 /* Assets.xcassets in Resources */,
			);
			runOnlyForDeploymentPostprocessing = 0;
		};
/* End PBXResourcesBuildPhase section */

/* Begin PBXSourcesBuildPhase section */
		BEFF77302AC98826003C3659 /* Sources */ = {
			isa = PBXSourcesBuildPhase;
			buildActionMask = 2147483647;
			files = (
				BEFF77582AC9931C003C3659 /* PrimaryButton.swift in Sources */,
				8214B3FB2ACB331500349BD8 /* TheChatView.swift in Sources */,
				8251A3A82ACDAF2C003DEAEA /* ResponsePayload.swift in Sources */,
				8251A3AC2ACDB025003DEAEA /* SignupPayload.swift in Sources */,
				82ED8FE32ACB34CA00701231 /* KeyboardResponder.swift in Sources */,
				BEFF775E2AC9A485003C3659 /* PaymentView.swift in Sources */,
				82ED8FE52ACB34DF00701231 /* View + Extension.swift in Sources */,
				8214B4002ACB336200349BD8 /* Message.swift in Sources */,
				8251A3A62ACDAED5003DEAEA /* LoginResponse.swift in Sources */,
				82ED8FE82ACB438900701231 /* ChatViewModel.swift in Sources */,
				8251A3AE2ACDB0EF003DEAEA /* SignupResponseModel.swift in Sources */,
				BEFF773A2AC98826003C3659 /* ContentView.swift in Sources */,
				8214B3FE2ACB335A00349BD8 /* User.swift in Sources */,
				BEFF77642ACA9FA0003C3659 /* ProfileList.swift in Sources */,
				8251A3AA2ACDAF54003DEAEA /* MessageResponse.swift in Sources */,
				82ED8FEA2ACB43D300701231 /* ViewModel + Extension.swift in Sources */,
				BEFF77542AC9920F003C3659 /* SignInUpPage.swift in Sources */,
				BEFF774C2AC98ADC003C3659 /* OverLay.swift in Sources */,
				BEFF77382AC98826003C3659 /* WellnessAIApp.swift in Sources */,
				BEFF77562AC9926D003C3659 /* CustomTextField.swift in Sources */,
				8214B4042ACB33BB00349BD8 /* ContentMessageView.swift in Sources */,
				8214B4022ACB33A100349BD8 /* MessageView.swift in Sources */,
				BEFF77502AC98CF6003C3659 /* NetworkingManager.swift in Sources */,
				8251A3A02ACDAC66003DEAEA /* SignupViewModel.swift in Sources */,
				BEFF77522AC98D1F003C3659 /* EndPoints.swift in Sources */,
				8251A3A42ACDAEA8003DEAEA /* LoginPayload.swift in Sources */,
				BEFF775A2AC9937D003C3659 /* LoginViewModel.swift in Sources */,
				BEFF77622ACA9B2D003C3659 /* ProfileView.swift in Sources */,
				BEFF774E2AC98C5A003C3659 /* AppState.swift in Sources */,
				82ED8FE12ACB34AF00701231 /* ChatHelper.swift in Sources */,
			);
			runOnlyForDeploymentPostprocessing = 0;
		};
/* End PBXSourcesBuildPhase section */

/* Begin XCBuildConfiguration section */
		BEFF77402AC9882A003C3659 /* Debug */ = {
			isa = XCBuildConfiguration;
			buildSettings = {
				ALWAYS_SEARCH_USER_PATHS = NO;
				ASSETCATALOG_COMPILER_GENERATE_SWIFT_ASSET_SYMBOL_EXTENSIONS = YES;
				CLANG_ANALYZER_NONNULL = YES;
				CLANG_ANALYZER_NUMBER_OBJECT_CONVERSION = YES_AGGRESSIVE;
				CLANG_CXX_LANGUAGE_STANDARD = "gnu++20";
				CLANG_ENABLE_MODULES = YES;
				CLANG_ENABLE_OBJC_ARC = YES;
				CLANG_ENABLE_OBJC_WEAK = YES;
				CLANG_WARN_BLOCK_CAPTURE_AUTORELEASING = YES;
				CLANG_WARN_BOOL_CONVERSION = YES;
				CLANG_WARN_COMMA = YES;
				CLANG_WARN_CONSTANT_CONVERSION = YES;
				CLANG_WARN_DEPRECATED_OBJC_IMPLEMENTATIONS = YES;
				CLANG_WARN_DIRECT_OBJC_ISA_USAGE = YES_ERROR;
				CLANG_WARN_DOCUMENTATION_COMMENTS = YES;
				CLANG_WARN_EMPTY_BODY = YES;
				CLANG_WARN_ENUM_CONVERSION = YES;
				CLANG_WARN_INFINITE_RECURSION = YES;
				CLANG_WARN_INT_CONVERSION = YES;
				CLANG_WARN_NON_LITERAL_NULL_CONVERSION = YES;
				CLANG_WARN_OBJC_IMPLICIT_RETAIN_SELF = YES;
				CLANG_WARN_OBJC_LITERAL_CONVERSION = YES;
				CLANG_WARN_OBJC_ROOT_CLASS = YES_ERROR;
				CLANG_WARN_QUOTED_INCLUDE_IN_FRAMEWORK_HEADER = YES;
				CLANG_WARN_RANGE_LOOP_ANALYSIS = YES;
				CLANG_WARN_STRICT_PROTOTYPES = YES;
				CLANG_WARN_SUSPICIOUS_MOVE = YES;
				CLANG_WARN_UNGUARDED_AVAILABILITY = YES_AGGRESSIVE;
				CLANG_WARN_UNREACHABLE_CODE = YES;
				CLANG_WARN__DUPLICATE_METHOD_MATCH = YES;
				COPY_PHASE_STRIP = NO;
				DEBUG_INFORMATION_FORMAT = dwarf;
				ENABLE_STRICT_OBJC_MSGSEND = YES;
				ENABLE_TESTABILITY = YES;
				ENABLE_USER_SCRIPT_SANDBOXING = YES;
				GCC_C_LANGUAGE_STANDARD = gnu17;
				GCC_DYNAMIC_NO_PIC = NO;
				GCC_NO_COMMON_BLOCKS = YES;
				GCC_OPTIMIZATION_LEVEL = 0;
				GCC_PREPROCESSOR_DEFINITIONS = (
					"DEBUG=1",
					"$(inherited)",
				);
				GCC_WARN_64_TO_32_BIT_CONVERSION = YES;
				GCC_WARN_ABOUT_RETURN_TYPE = YES_ERROR;
				GCC_WARN_UNDECLARED_SELECTOR = YES;
				GCC_WARN_UNINITIALIZED_AUTOS = YES_AGGRESSIVE;
				GCC_WARN_UNUSED_FUNCTION = YES;
				GCC_WARN_UNUSED_VARIABLE = YES;
				IPHONEOS_DEPLOYMENT_TARGET = 17.0;
				LOCALIZATION_PREFERS_STRING_CATALOGS = YES;
				MTL_ENABLE_DEBUG_INFO = INCLUDE_SOURCE;
				MTL_FAST_MATH = YES;
				ONLY_ACTIVE_ARCH = YES;
				SDKROOT = iphoneos;
				SWIFT_ACTIVE_COMPILATION_CONDITIONS = "DEBUG $(inherited)";
				SWIFT_OPTIMIZATION_LEVEL = "-Onone";
			};
			name = Debug;
		};
		BEFF77412AC9882A003C3659 /* Release */ = {
			isa = XCBuildConfiguration;
			buildSettings = {
				ALWAYS_SEARCH_USER_PATHS = NO;
				ASSETCATALOG_COMPILER_GENERATE_SWIFT_ASSET_SYMBOL_EXTENSIONS = YES;
				CLANG_ANALYZER_NONNULL = YES;
				CLANG_ANALYZER_NUMBER_OBJECT_CONVERSION = YES_AGGRESSIVE;
				CLANG_CXX_LANGUAGE_STANDARD = "gnu++20";
				CLANG_ENABLE_MODULES = YES;
				CLANG_ENABLE_OBJC_ARC = YES;
				CLANG_ENABLE_OBJC_WEAK = YES;
				CLANG_WARN_BLOCK_CAPTURE_AUTORELEASING = YES;
				CLANG_WARN_BOOL_CONVERSION = YES;
				CLANG_WARN_COMMA = YES;
				CLANG_WARN_CONSTANT_CONVERSION = YES;
				CLANG_WARN_DEPRECATED_OBJC_IMPLEMENTATIONS = YES;
				CLANG_WARN_DIRECT_OBJC_ISA_USAGE = YES_ERROR;
				CLANG_WARN_DOCUMENTATION_COMMENTS = YES;
				CLANG_WARN_EMPTY_BODY = YES;
				CLANG_WARN_ENUM_CONVERSION = YES;
				CLANG_WARN_INFINITE_RECURSION = YES;
				CLANG_WARN_INT_CONVERSION = YES;
				CLANG_WARN_NON_LITERAL_NULL_CONVERSION = YES;
				CLANG_WARN_OBJC_IMPLICIT_RETAIN_SELF = YES;
				CLANG_WARN_OBJC_LITERAL_CONVERSION = YES;
				CLANG_WARN_OBJC_ROOT_CLASS = YES_ERROR;
				CLANG_WARN_QUOTED_INCLUDE_IN_FRAMEWORK_HEADER = YES;
				CLANG_WARN_RANGE_LOOP_ANALYSIS = YES;
				CLANG_WARN_STRICT_PROTOTYPES = YES;
				CLANG_WARN_SUSPICIOUS_MOVE = YES;
				CLANG_WARN_UNGUARDED_AVAILABILITY = YES_AGGRESSIVE;
				CLANG_WARN_UNREACHABLE_CODE = YES;
				CLANG_WARN__DUPLICATE_METHOD_MATCH = YES;
				COPY_PHASE_STRIP = NO;
				DEBUG_INFORMATION_FORMAT = "dwarf-with-dsym";
				ENABLE_NS_ASSERTIONS = NO;
				ENABLE_STRICT_OBJC_MSGSEND = YES;
				ENABLE_USER_SCRIPT_SANDBOXING = YES;
				GCC_C_LANGUAGE_STANDARD = gnu17;
				GCC_NO_COMMON_BLOCKS = YES;
				GCC_WARN_64_TO_32_BIT_CONVERSION = YES;
				GCC_WARN_ABOUT_RETURN_TYPE = YES_ERROR;
				GCC_WARN_UNDECLARED_SELECTOR = YES;
				GCC_WARN_UNINITIALIZED_AUTOS = YES_AGGRESSIVE;
				GCC_WARN_UNUSED_FUNCTION = YES;
				GCC_WARN_UNUSED_VARIABLE = YES;
				IPHONEOS_DEPLOYMENT_TARGET = 17.0;
				LOCALIZATION_PREFERS_STRING_CATALOGS = YES;
				MTL_ENABLE_DEBUG_INFO = NO;
				MTL_FAST_MATH = YES;
				SDKROOT = iphoneos;
				SWIFT_COMPILATION_MODE = wholemodule;
				VALIDATE_PRODUCT = YES;
			};
			name = Release;
		};
		BEFF77432AC9882A003C3659 /* Debug */ = {
			isa = XCBuildConfiguration;
			buildSettings = {
				ASSETCATALOG_COMPILER_APPICON_NAME = AppIcon;
				ASSETCATALOG_COMPILER_GLOBAL_ACCENT_COLOR_NAME = AccentColor;
				CODE_SIGN_STYLE = Automatic;
				CURRENT_PROJECT_VERSION = 1;
				DEVELOPMENT_ASSET_PATHS = "\"WellnessAI/Preview Content\"";
				DEVELOPMENT_TEAM = Q69GHDS557;
				ENABLE_PREVIEWS = YES;
				GENERATE_INFOPLIST_FILE = YES;
				INFOPLIST_KEY_UIApplicationSceneManifest_Generation = YES;
				INFOPLIST_KEY_UIApplicationSupportsIndirectInputEvents = YES;
				INFOPLIST_KEY_UILaunchScreen_Generation = YES;
				INFOPLIST_KEY_UISupportedInterfaceOrientations_iPad = "UIInterfaceOrientationPortrait UIInterfaceOrientationPortraitUpsideDown UIInterfaceOrientationLandscapeLeft UIInterfaceOrientationLandscapeRight";
				INFOPLIST_KEY_UISupportedInterfaceOrientations_iPhone = "UIInterfaceOrientationPortrait UIInterfaceOrientationLandscapeLeft UIInterfaceOrientationLandscapeRight";
				IPHONEOS_DEPLOYMENT_TARGET = 16.0;
				LD_RUNPATH_SEARCH_PATHS = (
					"$(inherited)",
					"@executable_path/Frameworks",
				);
				MARKETING_VERSION = 1.0;
				PRODUCT_BUNDLE_IDENTIFIER = "com.netlify.david-oh.WellnessAI";
				PRODUCT_NAME = "$(TARGET_NAME)";
				SWIFT_EMIT_LOC_STRINGS = YES;
				SWIFT_VERSION = 5.0;
				TARGETED_DEVICE_FAMILY = "1,2";
			};
			name = Debug;
		};
		BEFF77442AC9882A003C3659 /* Release */ = {
			isa = XCBuildConfiguration;
			buildSettings = {
				ASSETCATALOG_COMPILER_APPICON_NAME = AppIcon;
				ASSETCATALOG_COMPILER_GLOBAL_ACCENT_COLOR_NAME = AccentColor;
				CODE_SIGN_STYLE = Automatic;
				CURRENT_PROJECT_VERSION = 1;
				DEVELOPMENT_ASSET_PATHS = "\"WellnessAI/Preview Content\"";
				DEVELOPMENT_TEAM = Q69GHDS557;
				ENABLE_PREVIEWS = YES;
				GENERATE_INFOPLIST_FILE = YES;
				INFOPLIST_KEY_UIApplicationSceneManifest_Generation = YES;
				INFOPLIST_KEY_UIApplicationSupportsIndirectInputEvents = YES;
				INFOPLIST_KEY_UILaunchScreen_Generation = YES;
				INFOPLIST_KEY_UISupportedInterfaceOrientations_iPad = "UIInterfaceOrientationPortrait UIInterfaceOrientationPortraitUpsideDown UIInterfaceOrientationLandscapeLeft UIInterfaceOrientationLandscapeRight";
				INFOPLIST_KEY_UISupportedInterfaceOrientations_iPhone = "UIInterfaceOrientationPortrait UIInterfaceOrientationLandscapeLeft UIInterfaceOrientationLandscapeRight";
				IPHONEOS_DEPLOYMENT_TARGET = 16.0;
				LD_RUNPATH_SEARCH_PATHS = (
					"$(inherited)",
					"@executable_path/Frameworks",
				);
				MARKETING_VERSION = 1.0;
				PRODUCT_BUNDLE_IDENTIFIER = "com.netlify.david-oh.WellnessAI";
				PRODUCT_NAME = "$(TARGET_NAME)";
				SWIFT_EMIT_LOC_STRINGS = YES;
				SWIFT_VERSION = 5.0;
				TARGETED_DEVICE_FAMILY = "1,2";
			};
			name = Release;
		};
/* End XCBuildConfiguration section */

/* Begin XCConfigurationList section */
		BEFF772F2AC98826003C3659 /* Build configuration list for PBXProject "WellnessAI" */ = {
			isa = XCConfigurationList;
			buildConfigurations = (
				BEFF77402AC9882A003C3659 /* Debug */,
				BEFF77412AC9882A003C3659 /* Release */,
			);
			defaultConfigurationIsVisible = 0;
			defaultConfigurationName = Release;
		};
		BEFF77422AC9882A003C3659 /* Build configuration list for PBXNativeTarget "WellnessAI" */ = {
			isa = XCConfigurationList;
			buildConfigurations = (
				BEFF77432AC9882A003C3659 /* Debug */,
				BEFF77442AC9882A003C3659 /* Release */,
			);
			defaultConfigurationIsVisible = 0;
			defaultConfigurationName = Release;
		};
/* End XCConfigurationList section */
	};
	rootObject = BEFF772C2AC98826003C3659 /* Project object */;
}
